
Microsoft Visual Studio Solution File, Format Version 12.00
# Visual Studio Version 17
VisualStudioVersion = 17.12.35707.178
MinimumVisualStudioVersion = 10.0.40219.1
Project("{FAE04EC0-301F-11D3-BF4B-00C04F79EFBC}") = "DVSClient", "DVSClient\DVSClient\DVSClient.csproj", "{3771B1D9-C157-4D73-82E6-EA3DAAE7EDFB}"
EndProject
Project("{FAE04EC0-301F-11D3-BF4B-00C04F79EFBC}") = "DVSClient.Tests", "DVSClient\DVSClient.Tests\DVSClient.Tests.csproj", "{B75480D1-B970-4EC1-826C-2A25BA339566}"
EndProject
Global
	GlobalSection(SolutionConfigurationPlatforms) = preSolution
		Debug|Any CPU = Debug|Any CPU
		Release|Any CPU = Release|Any CPU
	EndGlobalSection
	GlobalSection(ProjectConfigurationPlatforms) = postSolution
		{3771B1D9-C157-4D73-82E6-EA3DAAE7EDFB}.Debug|Any CPU.ActiveCfg = Debug|Any CPU
		{3771B1D9-C157-4D73-82E6-EA3DAAE7EDFB}.Debug|Any CPU.Build.0 = Debug|Any CPU
		{3771B1D9-C157-4D73-82E6-EA3DAAE7EDFB}.Release|Any CPU.ActiveCfg = Release|Any CPU
		{3771B1D9-C157-4D73-82E6-EA3DAAE7EDFB}.Release|Any CPU.Build.0 = Release|Any CPU
		{B75480D1-B970-4EC1-826C-2A25BA339566}.Debug|Any CPU.ActiveCfg = Debug|Any CPU
		{B75480D1-B970-4EC1-826C-2A25BA339566}.Debug|Any CPU.Build.0 = Debug|Any CPU
		{B75480D1-B970-4EC1-826C-2A25BA339566}.Release|Any CPU.ActiveCfg = Release|Any CPU
		{B75480D1-B970-4EC1-826C-2A25BA339566}.Release|Any CPU.Build.0 = Release|Any CPU
	EndGlobalSection
	GlobalSection(SolutionProperties) = preSolution
		HideSolutionNode = FALSE
	EndGlobalSection
EndGlobal
